// !$*UTF8*$!
{
	archiveVersion = 1;
	classes = {
	};
	objectVersion = 50;
	objects = {

/* Begin PBXBuildFile section */
		481A06AD2265710700DD57BB /* AppDelegate.m in Sources */ = {isa = PBXBuildFile; fileRef = 481A06AC2265710700DD57BB /* AppDelegate.m */; };
		481A06B02265710700DD57BB /* MasterViewController.m in Sources */ = {isa = PBXBuildFile; fileRef = 481A06AF2265710700DD57BB /* MasterViewController.m */; };
		481A06B62265710700DD57BB /* Main.storyboard in Resources */ = {isa = PBXBuildFile; fileRef = 481A06B42265710700DD57BB /* Main.storyboard */; };
		481A06B82265710800DD57BB /* Assets.xcassets in Resources */ = {isa = PBXBuildFile; fileRef = 481A06B72265710800DD57BB /* Assets.xcassets */; };
		481A06BB2265710800DD57BB /* LaunchScreen.storyboard in Resources */ = {isa = PBXBuildFile; fileRef = 481A06B92265710800DD57BB /* LaunchScreen.storyboard */; };
		481A06BE2265710800DD57BB /* main.m in Sources */ = {isa = PBXBuildFile; fileRef = 481A06BD2265710800DD57BB /* main.m */; };
		481A06CB22657CCD00DD57BB /* HUDResponse.m in Sources */ = {isa = PBXBuildFile; fileRef = 481A06CA22657CCD00DD57BB /* HUDResponse.m */; };
		481A06D022657D4600DD57BB /* TestCase in Resources */ = {isa = PBXBuildFile; fileRef = 481A06CF22657D4600DD57BB /* TestCase */; };
		481A06D32265800E00DD57BB /* UIView+Toast.m in Sources */ = {isa = PBXBuildFile; fileRef = 481A06D22265800E00DD57BB /* UIView+Toast.m */; };
		481A06D7226587C700DD57BB /* WebViewViewController.m in Sources */ = {isa = PBXBuildFile; fileRef = 481A06D6226587C700DD57BB /* WebViewViewController.m */; };
		481A06DF2265B72100DD57BB /* mymt.html in Resources */ = {isa = PBXBuildFile; fileRef = 481A06DE2265B72100DD57BB /* mymt.html */; };
		481A06E62265C58000DD57BB /* BaseViewController.m in Sources */ = {isa = PBXBuildFile; fileRef = 481A06E52265C58000DD57BB /* BaseViewController.m */; };
		48B39A32226D6988004D5872 /* AppHost.framework in Frameworks */ = {isa = PBXBuildFile; fileRef = 485614972267564700E9BB89 /* AppHost.framework */; };
		48B39A33226D6988004D5872 /* AppHost.framework in Embed Frameworks */ = {isa = PBXBuildFile; fileRef = 485614972267564700E9BB89 /* AppHost.framework */; settings = {ATTRIBUTES = (CodeSignOnCopy, RemoveHeadersOnCopy, ); }; };
		48B39A6C226EE7AD004D5872 /* AppHostExampleUITests.swift in Sources */ = {isa = PBXBuildFile; fileRef = 48B39A6B226EE7AD004D5872 /* AppHostExampleUITests.swift */; };
/* End PBXBuildFile section */

/* Begin PBXContainerItemProxy section */
		485614962267564700E9BB89 /* PBXContainerItemProxy */ = {
			isa = PBXContainerItemProxy;
			containerPortal = 485614912267564600E9BB89 /* AppHost.xcodeproj */;
			proxyType = 2;
			remoteGlobalIDString = 48D888AA21D4CF08006E4279;
			remoteInfo = AppHost;
		};
		48B39A30226D6971004D5872 /* PBXContainerItemProxy */ = {
			isa = PBXContainerItemProxy;
			containerPortal = 485614912267564600E9BB89 /* AppHost.xcodeproj */;
			proxyType = 1;
			remoteGlobalIDString = 48D888A921D4CF08006E4279;
			remoteInfo = AppHost;
		};
		48B39A34226D6988004D5872 /* PBXContainerItemProxy */ = {
			isa = PBXContainerItemProxy;
			containerPortal = 485614912267564600E9BB89 /* AppHost.xcodeproj */;
			proxyType = 1;
			remoteGlobalIDString = 48D888A921D4CF08006E4279;
			remoteInfo = AppHost;
		};
		48B39A6E226EE7AD004D5872 /* PBXContainerItemProxy */ = {
			isa = PBXContainerItemProxy;
			containerPortal = 481A06A02265710700DD57BB /* Project object */;
			proxyType = 1;
			remoteGlobalIDString = 481A06A72265710700DD57BB;
			remoteInfo = AppHostExample;
		};
/* End PBXContainerItemProxy section */

/* Begin PBXCopyFilesBuildPhase section */
		481A06DB2265A5DF00DD57BB /* Embed Frameworks */ = {
			isa = PBXCopyFilesBuildPhase;
			buildActionMask = 2147483647;
			dstPath = "";
			dstSubfolderSpec = 10;
			files = (
				48B39A33226D6988004D5872 /* AppHost.framework in Embed Frameworks */,
			);
			name = "Embed Frameworks";
			runOnlyForDeploymentPostprocessing = 0;
		};
/* End PBXCopyFilesBuildPhase section */

/* Begin PBXFileReference section */
		481A06A82265710700DD57BB /* AppHostExample.app */ = {isa = PBXFileReference; explicitFileType = wrapper.application; includeInIndex = 0; path = AppHostExample.app; sourceTree = BUILT_PRODUCTS_DIR; };
		481A06AB2265710700DD57BB /* AppDelegate.h */ = {isa = PBXFileReference; lastKnownFileType = sourcecode.c.h; path = AppDelegate.h; sourceTree = "<group>"; };
		481A06AC2265710700DD57BB /* AppDelegate.m */ = {isa = PBXFileReference; lastKnownFileType = sourcecode.c.objc; path = AppDelegate.m; sourceTree = "<group>"; };
		481A06AE2265710700DD57BB /* MasterViewController.h */ = {isa = PBXFileReference; lastKnownFileType = sourcecode.c.h; path = MasterViewController.h; sourceTree = "<group>"; };
		481A06AF2265710700DD57BB /* MasterViewController.m */ = {isa = PBXFileReference; lastKnownFileType = sourcecode.c.objc; path = MasterViewController.m; sourceTree = "<group>"; };
		481A06B52265710700DD57BB /* Base */ = {isa = PBXFileReference; lastKnownFileType = file.storyboard; name = Base; path = Base.lproj/Main.storyboard; sourceTree = "<group>"; };
		481A06B72265710800DD57BB /* Assets.xcassets */ = {isa = PBXFileReference; lastKnownFileType = folder.assetcatalog; path = Assets.xcassets; sourceTree = "<group>"; };
		481A06BA2265710800DD57BB /* Base */ = {isa = PBXFileReference; lastKnownFileType = file.storyboard; name = Base; path = Base.lproj/LaunchScreen.storyboard; sourceTree = "<group>"; };
		481A06BC2265710800DD57BB /* Info.plist */ = {isa = PBXFileReference; lastKnownFileType = text.plist.xml; path = Info.plist; sourceTree = "<group>"; };
		481A06BD2265710800DD57BB /* main.m */ = {isa = PBXFileReference; lastKnownFileType = sourcecode.c.objc; path = main.m; sourceTree = "<group>"; };
		481A06C922657CCD00DD57BB /* HUDResponse.h */ = {isa = PBXFileReference; lastKnownFileType = sourcecode.c.h; path = HUDResponse.h; sourceTree = "<group>"; };
		481A06CA22657CCD00DD57BB /* HUDResponse.m */ = {isa = PBXFileReference; lastKnownFileType = sourcecode.c.objc; path = HUDResponse.m; sourceTree = "<group>"; };
		481A06CF22657D4600DD57BB /* TestCase */ = {isa = PBXFileReference; lastKnownFileType = folder; name = TestCase; path = resources/TestCase; sourceTree = "<group>"; };
		481A06D12265800E00DD57BB /* UIView+Toast.h */ = {isa = PBXFileReference; fileEncoding = 4; lastKnownFileType = sourcecode.c.h; path = "UIView+Toast.h"; sourceTree = "<group>"; };
		481A06D22265800E00DD57BB /* UIView+Toast.m */ = {isa = PBXFileReference; fileEncoding = 4; lastKnownFileType = sourcecode.c.objc; path = "UIView+Toast.m"; sourceTree = "<group>"; };
		481A06D5226587C700DD57BB /* WebViewViewController.h */ = {isa = PBXFileReference; lastKnownFileType = sourcecode.c.h; path = WebViewViewController.h; sourceTree = "<group>"; };
		481A06D6226587C700DD57BB /* WebViewViewController.m */ = {isa = PBXFileReference; lastKnownFileType = sourcecode.c.objc; path = WebViewViewController.m; sourceTree = "<group>"; };
		481A06DE2265B72100DD57BB /* mymt.html */ = {isa = PBXFileReference; fileEncoding = 4; lastKnownFileType = text.html; name = mymt.html; path = resources/mymt.html; sourceTree = "<group>"; };
		481A06E42265C58000DD57BB /* BaseViewController.h */ = {isa = PBXFileReference; lastKnownFileType = sourcecode.c.h; path = BaseViewController.h; sourceTree = "<group>"; };
		481A06E52265C58000DD57BB /* BaseViewController.m */ = {isa = PBXFileReference; lastKnownFileType = sourcecode.c.objc; path = BaseViewController.m; sourceTree = "<group>"; };
		485614912267564600E9BB89 /* AppHost.xcodeproj */ = {isa = PBXFileReference; lastKnownFileType = "wrapper.pb-project"; name = AppHost.xcodeproj; path = ../AppHost/AppHost.xcodeproj; sourceTree = "<group>"; };
		48B39A69226EE7AD004D5872 /* AppHostExampleUITests.xctest */ = {isa = PBXFileReference; explicitFileType = wrapper.cfbundle; includeInIndex = 0; path = AppHostExampleUITests.xctest; sourceTree = BUILT_PRODUCTS_DIR; };
		48B39A6B226EE7AD004D5872 /* AppHostExampleUITests.swift */ = {isa = PBXFileReference; lastKnownFileType = sourcecode.swift; path = AppHostExampleUITests.swift; sourceTree = "<group>"; };
		48B39A6D226EE7AD004D5872 /* Info.plist */ = {isa = PBXFileReference; lastKnownFileType = text.plist.xml; path = Info.plist; sourceTree = "<group>"; };
/* End PBXFileReference section */

/* Begin PBXFrameworksBuildPhase section */
		481A06A52265710700DD57BB /* Frameworks */ = {
			isa = PBXFrameworksBuildPhase;
			buildActionMask = 2147483647;
			files = (
				48B39A32226D6988004D5872 /* AppHost.framework in Frameworks */,
			);
			runOnlyForDeploymentPostprocessing = 0;
		};
		48B39A66226EE7AD004D5872 /* Frameworks */ = {
			isa = PBXFrameworksBuildPhase;
			buildActionMask = 2147483647;
			files = (
			);
			runOnlyForDeploymentPostprocessing = 0;
		};
/* End PBXFrameworksBuildPhase section */

/* Begin PBXGroup section */
		481A069F2265710700DD57BB = {
			isa = PBXGroup;
			children = (
				485614912267564600E9BB89 /* AppHost.xcodeproj */,
				481A06AA2265710700DD57BB /* AppHostExample */,
				48B39A6A226EE7AD004D5872 /* AppHostExampleUITests */,
				481A06A92265710700DD57BB /* Products */,
				481A06C422657A4800DD57BB /* Frameworks */,
			);
			sourceTree = "<group>";
		};
		481A06A92265710700DD57BB /* Products */ = {
			isa = PBXGroup;
			children = (
				481A06A82265710700DD57BB /* AppHostExample.app */,
				48B39A69226EE7AD004D5872 /* AppHostExampleUITests.xctest */,
			);
			name = Products;
			sourceTree = "<group>";
		};
		481A06AA2265710700DD57BB /* AppHostExample */ = {
			isa = PBXGroup;
			children = (
				481A06AB2265710700DD57BB /* AppDelegate.h */,
				481A06AC2265710700DD57BB /* AppDelegate.m */,
				481A06AE2265710700DD57BB /* MasterViewController.h */,
				481A06AF2265710700DD57BB /* MasterViewController.m */,
				481A06E42265C58000DD57BB /* BaseViewController.h */,
				481A06E52265C58000DD57BB /* BaseViewController.m */,
				481A06D5226587C700DD57BB /* WebViewViewController.h */,
				481A06D6226587C700DD57BB /* WebViewViewController.m */,
				481A06C922657CCD00DD57BB /* HUDResponse.h */,
				481A06CA22657CCD00DD57BB /* HUDResponse.m */,
				481A06B42265710700DD57BB /* Main.storyboard */,
				481A06B72265710800DD57BB /* Assets.xcassets */,
				481A06B92265710800DD57BB /* LaunchScreen.storyboard */,
				481A06BC2265710800DD57BB /* Info.plist */,
				481A06BD2265710800DD57BB /* main.m */,
				481A06D42265801300DD57BB /* Toast */,
				481A06CE22657D3700DD57BB /* resources */,
			);
			path = AppHostExample;
			sourceTree = "<group>";
		};
		481A06C422657A4800DD57BB /* Frameworks */ = {
			isa = PBXGroup;
			children = (
			);
			name = Frameworks;
			sourceTree = "<group>";
		};
		481A06CE22657D3700DD57BB /* resources */ = {
			isa = PBXGroup;
			children = (
				481A06DE2265B72100DD57BB /* mymt.html */,
				481A06CF22657D4600DD57BB /* TestCase */,
			);
			name = resources;
			sourceTree = "<group>";
		};
		481A06D42265801300DD57BB /* Toast */ = {
			isa = PBXGroup;
			children = (
				481A06D12265800E00DD57BB /* UIView+Toast.h */,
				481A06D22265800E00DD57BB /* UIView+Toast.m */,
			);
			name = Toast;
			sourceTree = "<group>";
		};
		485614922267564600E9BB89 /* Products */ = {
			isa = PBXGroup;
			children = (
				485614972267564700E9BB89 /* AppHost.framework */,
			);
			name = Products;
			sourceTree = "<group>";
		};
		48B39A6A226EE7AD004D5872 /* AppHostExampleUITests */ = {
			isa = PBXGroup;
			children = (
				48B39A6B226EE7AD004D5872 /* AppHostExampleUITests.swift */,
				48B39A6D226EE7AD004D5872 /* Info.plist */,
			);
			path = AppHostExampleUITests;
			sourceTree = "<group>";
		};
/* End PBXGroup section */

/* Begin PBXNativeTarget section */
		481A06A72265710700DD57BB /* AppHostExample */ = {
			isa = PBXNativeTarget;
			buildConfigurationList = 481A06C12265710800DD57BB /* Build configuration list for PBXNativeTarget "AppHostExample" */;
			buildPhases = (
				481A06A42265710700DD57BB /* Sources */,
				481A06A52265710700DD57BB /* Frameworks */,
				481A06A62265710700DD57BB /* Resources */,
				481A06DB2265A5DF00DD57BB /* Embed Frameworks */,
			);
			buildRules = (
			);
			dependencies = (
				48B39A31226D6971004D5872 /* PBXTargetDependency */,
				48B39A35226D6988004D5872 /* PBXTargetDependency */,
			);
			name = AppHostExample;
			productName = AppHostExample;
			productReference = 481A06A82265710700DD57BB /* AppHostExample.app */;
			productType = "com.apple.product-type.application";
		};
		48B39A68226EE7AD004D5872 /* AppHostExampleUITests */ = {
			isa = PBXNativeTarget;
			buildConfigurationList = 48B39A70226EE7AD004D5872 /* Build configuration list for PBXNativeTarget "AppHostExampleUITests" */;
			buildPhases = (
				48B39A65226EE7AD004D5872 /* Sources */,
				48B39A66226EE7AD004D5872 /* Frameworks */,
				48B39A67226EE7AD004D5872 /* Resources */,
			);
			buildRules = (
			);
			dependencies = (
				48B39A6F226EE7AD004D5872 /* PBXTargetDependency */,
			);
			name = AppHostExampleUITests;
			productName = AppHostExampleUITests;
			productReference = 48B39A69226EE7AD004D5872 /* AppHostExampleUITests.xctest */;
			productType = "com.apple.product-type.bundle.ui-testing";
		};
/* End PBXNativeTarget section */

/* Begin PBXProject section */
		481A06A02265710700DD57BB /* Project object */ = {
			isa = PBXProject;
			attributes = {
				LastSwiftUpdateCheck = 1020;
				LastUpgradeCheck = 1020;
				ORGANIZATIONNAME = liang;
				TargetAttributes = {
					481A06A72265710700DD57BB = {
						CreatedOnToolsVersion = 10.2;
					};
					48B39A68226EE7AD004D5872 = {
						CreatedOnToolsVersion = 10.2.1;
						TestTargetID = 481A06A72265710700DD57BB;
					};
				};
			};
			buildConfigurationList = 481A06A32265710700DD57BB /* Build configuration list for PBXProject "AppHostExample" */;
			compatibilityVersion = "Xcode 9.3";
			developmentRegion = en;
			hasScannedForEncodings = 0;
			knownRegions = (
				en,
				Base,
			);
			mainGroup = 481A069F2265710700DD57BB;
			productRefGroup = 481A06A92265710700DD57BB /* Products */;
			projectDirPath = "";
			projectReferences = (
				{
					ProductGroup = 485614922267564600E9BB89 /* Products */;
					ProjectRef = 485614912267564600E9BB89 /* AppHost.xcodeproj */;
				},
			);
			projectRoot = "";
			targets = (
				481A06A72265710700DD57BB /* AppHostExample */,
				48B39A68226EE7AD004D5872 /* AppHostExampleUITests */,
			);
		};
/* End PBXProject section */

/* Begin PBXReferenceProxy section */
		485614972267564700E9BB89 /* AppHost.framework */ = {
			isa = PBXReferenceProxy;
			fileType = wrapper.framework;
			path = AppHost.framework;
			remoteRef = 485614962267564700E9BB89 /* PBXContainerItemProxy */;
			sourceTree = BUILT_PRODUCTS_DIR;
		};
/* End PBXReferenceProxy section */

/* Begin PBXResourcesBuildPhase section */
		481A06A62265710700DD57BB /* Resources */ = {
			isa = PBXResourcesBuildPhase;
			buildActionMask = 2147483647;
			files = (
				481A06DF2265B72100DD57BB /* mymt.html in Resources */,
				481A06D022657D4600DD57BB /* TestCase in Resources */,
				481A06BB2265710800DD57BB /* LaunchScreen.storyboard in Resources */,
				481A06B82265710800DD57BB /* Assets.xcassets in Resources */,
				481A06B62265710700DD57BB /* Main.storyboard in Resources */,
			);
			runOnlyForDeploymentPostprocessing = 0;
		};
		48B39A67226EE7AD004D5872 /* Resources */ = {
			isa = PBXResourcesBuildPhase;
			buildActionMask = 2147483647;
			files = (
			);
			runOnlyForDeploymentPostprocessing = 0;
		};
/* End PBXResourcesBuildPhase section */

/* Begin PBXSourcesBuildPhase section */
		481A06A42265710700DD57BB /* Sources */ = {
			isa = PBXSourcesBuildPhase;
			buildActionMask = 2147483647;
			files = (
				481A06D32265800E00DD57BB /* UIView+Toast.m in Sources */,
				481A06D7226587C700DD57BB /* WebViewViewController.m in Sources */,
				481A06B02265710700DD57BB /* MasterViewController.m in Sources */,
				481A06AD2265710700DD57BB /* AppDelegate.m in Sources */,
				481A06BE2265710800DD57BB /* main.m in Sources */,
				481A06E62265C58000DD57BB /* BaseViewController.m in Sources */,
				481A06CB22657CCD00DD57BB /* HUDResponse.m in Sources */,
			);
			runOnlyForDeploymentPostprocessing = 0;
		};
		48B39A65226EE7AD004D5872 /* Sources */ = {
			isa = PBXSourcesBuildPhase;
			buildActionMask = 2147483647;
			files = (
				48B39A6C226EE7AD004D5872 /* AppHostExampleUITests.swift in Sources */,
			);
			runOnlyForDeploymentPostprocessing = 0;
		};
/* End PBXSourcesBuildPhase section */

/* Begin PBXTargetDependency section */
		48B39A31226D6971004D5872 /* PBXTargetDependency */ = {
			isa = PBXTargetDependency;
			name = AppHost;
			targetProxy = 48B39A30226D6971004D5872 /* PBXContainerItemProxy */;
		};
		48B39A35226D6988004D5872 /* PBXTargetDependency */ = {
			isa = PBXTargetDependency;
			name = AppHost;
			targetProxy = 48B39A34226D6988004D5872 /* PBXContainerItemProxy */;
		};
		48B39A6F226EE7AD004D5872 /* PBXTargetDependency */ = {
			isa = PBXTargetDependency;
			target = 481A06A72265710700DD57BB /* AppHostExample */;
			targetProxy = 48B39A6E226EE7AD004D5872 /* PBXContainerItemProxy */;
		};
/* End PBXTargetDependency section */

/* Begin PBXVariantGroup section */
		481A06B42265710700DD57BB /* Main.storyboard */ = {
			isa = PBXVariantGroup;
			children = (
				481A06B52265710700DD57BB /* Base */,
			);
			name = Main.storyboard;
			sourceTree = "<group>";
		};
		481A06B92265710800DD57BB /* LaunchScreen.storyboard */ = {
			isa = PBXVariantGroup;
			children = (
				481A06BA2265710800DD57BB /* Base */,
			);
			name = LaunchScreen.storyboard;
			sourceTree = "<group>";
		};
/* End PBXVariantGroup section */

/* Begin XCBuildConfiguration section */
		481A06BF2265710800DD57BB /* Debug */ = {
			isa = XCBuildConfiguration;
			buildSettings = {
				ALWAYS_SEARCH_USER_PATHS = NO;
				CLANG_ANALYZER_NONNULL = YES;
				CLANG_ANALYZER_NUMBER_OBJECT_CONVERSION = YES_AGGRESSIVE;
				CLANG_CXX_LANGUAGE_STANDARD = "gnu++14";
				CLANG_CXX_LIBRARY = "libc++";
				CLANG_ENABLE_MODULES = YES;
				CLANG_ENABLE_OBJC_ARC = YES;
				CLANG_ENABLE_OBJC_WEAK = YES;
				CLANG_WARN_BLOCK_CAPTURE_AUTORELEASING = YES;
				CLANG_WARN_BOOL_CONVERSION = YES;
				CLANG_WARN_COMMA = YES;
				CLANG_WARN_CONSTANT_CONVERSION = YES;
				CLANG_WARN_DEPRECATED_OBJC_IMPLEMENTATIONS = YES;
				CLANG_WARN_DIRECT_OBJC_ISA_USAGE = YES_ERROR;
				CLANG_WARN_DOCUMENTATION_COMMENTS = YES;
				CLANG_WARN_EMPTY_BODY = YES;
				CLANG_WARN_ENUM_CONVERSION = YES;
				CLANG_WARN_INFINITE_RECURSION = YES;
				CLANG_WARN_INT_CONVERSION = YES;
				CLANG_WARN_NON_LITERAL_NULL_CONVERSION = YES;
				CLANG_WARN_OBJC_IMPLICIT_RETAIN_SELF = YES;
				CLANG_WARN_OBJC_LITERAL_CONVERSION = YES;
				CLANG_WARN_OBJC_ROOT_CLASS = YES_ERROR;
				CLANG_WARN_RANGE_LOOP_ANALYSIS = YES;
				CLANG_WARN_STRICT_PROTOTYPES = YES;
				CLANG_WARN_SUSPICIOUS_MOVE = YES;
				CLANG_WARN_UNGUARDED_AVAILABILITY = YES_AGGRESSIVE;
				CLANG_WARN_UNREACHABLE_CODE = YES;
				CLANG_WARN__DUPLICATE_METHOD_MATCH = YES;
				CODE_SIGN_IDENTITY = "iPhone Developer";
				COPY_PHASE_STRIP = NO;
				DEBUG_INFORMATION_FORMAT = dwarf;
				ENABLE_STRICT_OBJC_MSGSEND = YES;
				ENABLE_TESTABILITY = YES;
				GCC_C_LANGUAGE_STANDARD = gnu11;
				GCC_DYNAMIC_NO_PIC = NO;
				GCC_NO_COMMON_BLOCKS = YES;
				GCC_OPTIMIZATION_LEVEL = 0;
				GCC_PREPROCESSOR_DEFINITIONS = (
					"DEBUG=1",
					"$(inherited)",
				);
				GCC_WARN_64_TO_32_BIT_CONVERSION = YES;
				GCC_WARN_ABOUT_RETURN_TYPE = YES_ERROR;
				GCC_WARN_UNDECLARED_SELECTOR = YES;
				GCC_WARN_UNINITIALIZED_AUTOS = YES_AGGRESSIVE;
				GCC_WARN_UNUSED_FUNCTION = YES;
				GCC_WARN_UNUSED_VARIABLE = YES;
				IPHONEOS_DEPLOYMENT_TARGET = 12.2;
				MTL_ENABLE_DEBUG_INFO = INCLUDE_SOURCE;
				MTL_FAST_MATH = YES;
				ONLY_ACTIVE_ARCH = YES;
				SDKROOT = iphoneos;
			};
			name = Debug;
		};
		481A06C02265710800DD57BB /* Release */ = {
			isa = XCBuildConfiguration;
			buildSettings = {
				ALWAYS_SEARCH_USER_PATHS = NO;
				CLANG_ANALYZER_NONNULL = YES;
				CLANG_ANALYZER_NUMBER_OBJECT_CONVERSION = YES_AGGRESSIVE;
				CLANG_CXX_LANGUAGE_STANDARD = "gnu++14";
				CLANG_CXX_LIBRARY = "libc++";
				CLANG_ENABLE_MODULES = YES;
				CLANG_ENABLE_OBJC_ARC = YES;
				CLANG_ENABLE_OBJC_WEAK = YES;
				CLANG_WARN_BLOCK_CAPTURE_AUTORELEASING = YES;
				CLANG_WARN_BOOL_CONVERSION = YES;
				CLANG_WARN_COMMA = YES;
				CLANG_WARN_CONSTANT_CONVERSION = YES;
				CLANG_WARN_DEPRECATED_OBJC_IMPLEMENTATIONS = YES;
				CLANG_WARN_DIRECT_OBJC_ISA_USAGE = YES_ERROR;
				CLANG_WARN_DOCUMENTATION_COMMENTS = YES;
				CLANG_WARN_EMPTY_BODY = YES;
				CLANG_WARN_ENUM_CONVERSION = YES;
				CLANG_WARN_INFINITE_RECURSION = YES;
				CLANG_WARN_INT_CONVERSION = YES;
				CLANG_WARN_NON_LITERAL_NULL_CONVERSION = YES;
				CLANG_WARN_OBJC_IMPLICIT_RETAIN_SELF = YES;
				CLANG_WARN_OBJC_LITERAL_CONVERSION = YES;
				CLANG_WARN_OBJC_ROOT_CLASS = YES_ERROR;
				CLANG_WARN_RANGE_LOOP_ANALYSIS = YES;
				CLANG_WARN_STRICT_PROTOTYPES = YES;
				CLANG_WARN_SUSPICIOUS_MOVE = YES;
				CLANG_WARN_UNGUARDED_AVAILABILITY = YES_AGGRESSIVE;
				CLANG_WARN_UNREACHABLE_CODE = YES;
				CLANG_WARN__DUPLICATE_METHOD_MATCH = YES;
				CODE_SIGN_IDENTITY = "iPhone Developer";
				COPY_PHASE_STRIP = NO;
				DEBUG_INFORMATION_FORMAT = "dwarf-with-dsym";
				ENABLE_NS_ASSERTIONS = NO;
				ENABLE_STRICT_OBJC_MSGSEND = YES;
				GCC_C_LANGUAGE_STANDARD = gnu11;
				GCC_NO_COMMON_BLOCKS = YES;
				GCC_WARN_64_TO_32_BIT_CONVERSION = YES;
				GCC_WARN_ABOUT_RETURN_TYPE = YES_ERROR;
				GCC_WARN_UNDECLARED_SELECTOR = YES;
				GCC_WARN_UNINITIALIZED_AUTOS = YES_AGGRESSIVE;
				GCC_WARN_UNUSED_FUNCTION = YES;
				GCC_WARN_UNUSED_VARIABLE = YES;
				IPHONEOS_DEPLOYMENT_TARGET = 12.2;
				MTL_ENABLE_DEBUG_INFO = NO;
				MTL_FAST_MATH = YES;
				SDKROOT = iphoneos;
				VALIDATE_PRODUCT = YES;
			};
			name = Release;
		};
		481A06C22265710800DD57BB /* Debug */ = {
			isa = XCBuildConfiguration;
			buildSettings = {
				ASSETCATALOG_COMPILER_APPICON_NAME = AppIcon;
				CODE_SIGN_STYLE = Automatic;
				DEVELOPMENT_TEAM = 5F3P75AV37;
				FRAMEWORK_SEARCH_PATHS = (
					"$(inherited)",
					"$(PROJECT_DIR)/AppHostExample",
				);
				INFOPLIST_FILE = AppHostExample/Info.plist;
				LD_RUNPATH_SEARCH_PATHS = (
					"$(inherited)",
					"@executable_path/Frameworks",
				);
				PRODUCT_BUNDLE_IDENTIFIER = me.hite.app.AppHostExample;
				PRODUCT_NAME = "$(TARGET_NAME)";
				TARGETED_DEVICE_FAMILY = "1,2";
			};
			name = Debug;
		};
		481A06C32265710800DD57BB /* Release */ = {
			isa = XCBuildConfiguration;
			buildSettings = {
				ASSETCATALOG_COMPILER_APPICON_NAME = AppIcon;
				CODE_SIGN_STYLE = Automatic;
				DEVELOPMENT_TEAM = 5F3P75AV37;
				FRAMEWORK_SEARCH_PATHS = (
					"$(inherited)",
					"$(PROJECT_DIR)/AppHostExample",
				);
				INFOPLIST_FILE = AppHostExample/Info.plist;
				LD_RUNPATH_SEARCH_PATHS = (
					"$(inherited)",
					"@executable_path/Frameworks",
				);
				PRODUCT_BUNDLE_IDENTIFIER = me.hite.app.AppHostExample;
				PRODUCT_NAME = "$(TARGET_NAME)";
				TARGETED_DEVICE_FAMILY = "1,2";
			};
			name = Release;
		};
		48B39A71226EE7AD004D5872 /* Debug */ = {
			isa = XCBuildConfiguration;
			buildSettings = {
				CODE_SIGN_STYLE = Automatic;
				DEVELOPMENT_TEAM = 5F3P75AV37;
				INFOPLIST_FILE = AppHostExampleUITests/Info.plist;
				LD_RUNPATH_SEARCH_PATHS = (
					"$(inherited)",
					"@executable_path/Frameworks",
					"@loader_path/Frameworks",
				);
				PRODUCT_BUNDLE_IDENTIFIER = me.hite.app.AppHostExampleUITests;
				PRODUCT_NAME = "$(TARGET_NAME)";
				SWIFT_ACTIVE_COMPILATION_CONDITIONS = DEBUG;
				SWIFT_OPTIMIZATION_LEVEL = "-Onone";
				SWIFT_VERSION = 5.0;
				TARGETED_DEVICE_FAMILY = "1,2";
				TEST_TARGET_NAME = AppHostExample;
			};
			name = Debug;
		};
		48B39A72226EE7AD004D5872 /* Release */ = {
			isa = XCBuildConfiguration;
			buildSettings = {
				CODE_SIGN_STYLE = Automatic;
				DEVELOPMENT_TEAM = 5F3P75AV37;
				INFOPLIST_FILE = AppHostExampleUITests/Info.plist;
				LD_RUNPATH_SEARCH_PATHS = (
					"$(inherited)",
					"@executable_path/Frameworks",
					"@loader_path/Frameworks",
				);
				PRODUCT_BUNDLE_IDENTIFIER = me.hite.app.AppHostExampleUITests;
				PRODUCT_NAME = "$(TARGET_NAME)";
				SWIFT_COMPILATION_MODE = wholemodule;
				SWIFT_OPTIMIZATION_LEVEL = "-O";
				SWIFT_VERSION = 5.0;
				TARGETED_DEVICE_FAMILY = "1,2";
				TEST_TARGET_NAME = AppHostExample;
			};
			name = Release;
		};
/* End XCBuildConfiguration section */

/* Begin XCConfigurationList section */
		481A06A32265710700DD57BB /* Build configuration list for PBXProject "AppHostExample" */ = {
			isa = XCConfigurationList;
			buildConfigurations = (
				481A06BF2265710800DD57BB /* Debug */,
				481A06C02265710800DD57BB /* Release */,
			);
			defaultConfigurationIsVisible = 0;
			defaultConfigurationName = Release;
		};
		481A06C12265710800DD57BB /* Build configuration list for PBXNativeTarget "AppHostExample" */ = {
			isa = XCConfigurationList;
			buildConfigurations = (
				481A06C22265710800DD57BB /* Debug */,
				481A06C32265710800DD57BB /* Release */,
			);
			defaultConfigurationIsVisible = 0;
			defaultConfigurationName = Release;
		};
		48B39A70226EE7AD004D5872 /* Build configuration list for PBXNativeTarget "AppHostExampleUITests" */ = {
			isa = XCConfigurationList;
			buildConfigurations = (
				48B39A71226EE7AD004D5872 /* Debug */,
				48B39A72226EE7AD004D5872 /* Release */,
			);
			defaultConfigurationIsVisible = 0;
			defaultConfigurationName = Release;
		};
/* End XCConfigurationList section */
	};
	rootObject = 481A06A02265710700DD57BB /* Project object */;
}
